
Microsoft Visual Studio Solution File, Format Version 12.00
# Visual Studio 15
VisualStudioVersion = 15.0.27520.0
MinimumVisualStudioVersion = 10.0.40219.1
Project("{9A19103F-16F7-4668-BE54-9A1E7A4F7556}") = "UtilsMain", "MainUtils\UtilsMain.csproj", "{7BE8FD52-9DD9-4508-9903-51C39CC2A6B6}"
EndProject
Project("{FAE04EC0-301F-11D3-BF4B-00C04F79EFBC}") = "UtilsNetFramework", "UtilsWPF\UtilsNetFramework.csproj", "{91314F8E-45B0-40AA-B26D-5FFED30F34CF}"
EndProject
Project("{F2A71F9B-5D33-465A-A702-920D77279786}") = "UtilsFS", "UtilsFS\UtilsFS.fsproj", "{DCD0F4CC-22F7-44DF-B964-87571F37CA34}"
EndProject
Global
	GlobalSection(SolutionConfigurationPlatforms) = preSolution
		Debug|Any CPU = Debug|Any CPU
		Release|Any CPU = Release|Any CPU
	EndGlobalSection
	GlobalSection(ProjectConfigurationPlatforms) = postSolution
		{7BE8FD52-9DD9-4508-9903-51C39CC2A6B6}.Debug|Any CPU.ActiveCfg = Debug|Any CPU
		{7BE8FD52-9DD9-4508-9903-51C39CC2A6B6}.Debug|Any CPU.Build.0 = Debug|Any CPU
		{7BE8FD52-9DD9-4508-9903-51C39CC2A6B6}.Release|Any CPU.ActiveCfg = Release|Any CPU
		{7BE8FD52-9DD9-4508-9903-51C39CC2A6B6}.Release|Any CPU.Build.0 = Release|Any CPU
		{91314F8E-45B0-40AA-B26D-5FFED30F34CF}.Debug|Any CPU.ActiveCfg = Debug|Any CPU
		{91314F8E-45B0-40AA-B26D-5FFED30F34CF}.Debug|Any CPU.Build.0 = Debug|Any CPU
		{91314F8E-45B0-40AA-B26D-5FFED30F34CF}.Release|Any CPU.ActiveCfg = Release|Any CPU
		{91314F8E-45B0-40AA-B26D-5FFED30F34CF}.Release|Any CPU.Build.0 = Release|Any CPU
		{DCD0F4CC-22F7-44DF-B964-87571F37CA34}.Debug|Any CPU.ActiveCfg = Debug|Any CPU
		{DCD0F4CC-22F7-44DF-B964-87571F37CA34}.Debug|Any CPU.Build.0 = Debug|Any CPU
		{DCD0F4CC-22F7-44DF-B964-87571F37CA34}.Release|Any CPU.ActiveCfg = Release|Any CPU
		{DCD0F4CC-22F7-44DF-B964-87571F37CA34}.Release|Any CPU.Build.0 = Release|Any CPU
	EndGlobalSection
	GlobalSection(SolutionProperties) = preSolution
		HideSolutionNode = FALSE
	EndGlobalSection
	GlobalSection(ExtensibilityGlobals) = postSolution
		SolutionGuid = {DAF98F95-2831-4828-970F-EA4DBCAE4534}
	EndGlobalSection
EndGlobal
